
Microsoft Visual Studio Solution File, Format Version 12.00
# Visual Studio 14
VisualStudioVersion = 14.0.25420.1
MinimumVisualStudioVersion = 10.0.40219.1
Project("{FAE04EC0-301F-11D3-BF4B-00C04F79EFBC}") = "Blue.MVVM.Portable40.Tests", "Blue.MVVM.Portable40.Tests\Blue.MVVM.Portable40.Tests.csproj", "{BEC0DBBC-A68F-4D46-81E7-2A722D6BC440}"
EndProject
Project("{FAE04EC0-301F-11D3-BF4B-00C04F79EFBC}") = "Blue.MVVM.Portable45", "Blue.MVVM.Portable45\Blue.MVVM.Portable45.csproj", "{CD1A55EB-837C-4C69-B5D4-AC624DBA3080}"
EndProject
Project("{FAE04EC0-301F-11D3-BF4B-00C04F79EFBC}") = "Blue.MVVM.Portable45.Tests", "Blue.MVVM.Portable45.Tests\Blue.MVVM.Portable45.Tests.csproj", "{5A153B52-A8E9-4496-9E0D-3131F8D22AA1}"
EndProject
Project("{FAE04EC0-301F-11D3-BF4B-00C04F79EFBC}") = "Blue.MVVM.Acceptance.Tests", "Blue.MVVM.Acceptance.Tests\Blue.MVVM.Acceptance.Tests.csproj", "{4654BD98-BEF1-4036-9EA9-A9F2C467C9AA}"
EndProject
Project("{FAE04EC0-301F-11D3-BF4B-00C04F79EFBC}") = "Blue.MVVM.Net40", "Blue.MVVM.Net40\Blue.MVVM.Net40.csproj", "{B121C40E-9BAB-44E0-B90A-6B649D7FE164}"
EndProject
Project("{FAE04EC0-301F-11D3-BF4B-00C04F79EFBC}") = "Blue.MVVM.Portable40", "Blue.MVVM.Portable40\Blue.MVVM.Portable40.csproj", "{81AB6E3D-7CE0-456D-A658-C941A0930A45}"
EndProject
Project("{FAE04EC0-301F-11D3-BF4B-00C04F79EFBC}") = "Blue.MVVM.SL5", "Blue.MVVM.SL5\Blue.MVVM.SL5.csproj", "{43B290A5-06DE-44F9-9FAE-DCEF0C9AB61E}"
EndProject
Project("{FAE04EC0-301F-11D3-BF4B-00C04F79EFBC}") = "Blue.MVVM.Net35", "Blue.MVVM.Net35\Blue.MVVM.Net35.csproj", "{1ECFC924-64A8-4D16-B605-2A53A6B66098}"
EndProject
Project("{FAE04EC0-301F-11D3-BF4B-00C04F79EFBC}") = "Blue.MVVM._NuGet", "Blue.MVVM._NuGet\Blue.MVVM._NuGet.csproj", "{0451BAEF-DF2E-4B98-8644-94EE9415E389}"
EndProject
Project("{D954291E-2A0B-460D-934E-DC6B0785DB48}") = "Blue.MVVM_", "Blue.MVVM_\Blue.MVVM_.shproj", "{03F79117-C611-47BE-AF6D-266DBF20D432}"
EndProject
Project("{FAE04EC0-301F-11D3-BF4B-00C04F79EFBC}") = "Blue.MVVM.Core_NuGet", "Blue.MVVM.Core_NuGet\Blue.MVVM.Core_NuGet.csproj", "{A20FBD46-BBB6-4782-9FA7-7B4121EE5FCA}"
	ProjectSection(ProjectDependencies) = postProject
		{B121C40E-9BAB-44E0-B90A-6B649D7FE164} = {B121C40E-9BAB-44E0-B90A-6B649D7FE164}
		{1ECFC924-64A8-4D16-B605-2A53A6B66098} = {1ECFC924-64A8-4D16-B605-2A53A6B66098}
		{81AB6E3D-7CE0-456D-A658-C941A0930A45} = {81AB6E3D-7CE0-456D-A658-C941A0930A45}
		{43B290A5-06DE-44F9-9FAE-DCEF0C9AB61E} = {43B290A5-06DE-44F9-9FAE-DCEF0C9AB61E}
		{CD1A55EB-837C-4C69-B5D4-AC624DBA3080} = {CD1A55EB-837C-4C69-B5D4-AC624DBA3080}
	EndProjectSection
EndProject
Global
	GlobalSection(SharedMSBuildProjectFiles) = preSolution
		Blue.MVVM_\Blue.MVVM_.projitems*{03f79117-c611-47be-af6d-266dbf20d432}*SharedItemsImports = 13
		Blue.MVVM_\Blue.MVVM_.projitems*{1ecfc924-64a8-4d16-b605-2a53a6b66098}*SharedItemsImports = 4
		Blue.MVVM_\Blue.MVVM_.projitems*{43b290a5-06de-44f9-9fae-dcef0c9ab61e}*SharedItemsImports = 4
		Blue.MVVM_\Blue.MVVM_.projitems*{81ab6e3d-7ce0-456d-a658-c941a0930a45}*SharedItemsImports = 4
		Blue.MVVM_\Blue.MVVM_.projitems*{b121c40e-9bab-44e0-b90a-6b649d7fe164}*SharedItemsImports = 4
		Blue.MVVM_\Blue.MVVM_.projitems*{cd1a55eb-837c-4c69-b5d4-ac624dba3080}*SharedItemsImports = 4
	EndGlobalSection
	GlobalSection(SolutionConfigurationPlatforms) = preSolution
		Debug|Any CPU = Debug|Any CPU
		Debug|ARM = Debug|ARM
		Debug|x64 = Debug|x64
		Debug|x86 = Debug|x86
		Release|Any CPU = Release|Any CPU
		Release|ARM = Release|ARM
		Release|x64 = Release|x64
		Release|x86 = Release|x86
	EndGlobalSection
	GlobalSection(ProjectConfigurationPlatforms) = postSolution
		{BEC0DBBC-A68F-4D46-81E7-2A722D6BC440}.Debug|Any CPU.ActiveCfg = Debug|Any CPU
		{BEC0DBBC-A68F-4D46-81E7-2A722D6BC440}.Debug|Any CPU.Build.0 = Debug|Any CPU
		{BEC0DBBC-A68F-4D46-81E7-2A722D6BC440}.Debug|ARM.ActiveCfg = Debug|Any CPU
		{BEC0DBBC-A68F-4D46-81E7-2A722D6BC440}.Debug|x64.ActiveCfg = Debug|Any CPU
		{BEC0DBBC-A68F-4D46-81E7-2A722D6BC440}.Debug|x64.Build.0 = Debug|Any CPU
		{BEC0DBBC-A68F-4D46-81E7-2A722D6BC440}.Debug|x86.ActiveCfg = Debug|Any CPU
		{BEC0DBBC-A68F-4D46-81E7-2A722D6BC440}.Release|Any CPU.ActiveCfg = Release|Any CPU
		{BEC0DBBC-A68F-4D46-81E7-2A722D6BC440}.Release|Any CPU.Build.0 = Release|Any CPU
		{BEC0DBBC-A68F-4D46-81E7-2A722D6BC440}.Release|ARM.ActiveCfg = Release|Any CPU
		{BEC0DBBC-A68F-4D46-81E7-2A722D6BC440}.Release|x64.ActiveCfg = Release|Any CPU
		{BEC0DBBC-A68F-4D46-81E7-2A722D6BC440}.Release|x64.Build.0 = Release|Any CPU
		{BEC0DBBC-A68F-4D46-81E7-2A722D6BC440}.Release|x86.ActiveCfg = Release|Any CPU
		{CD1A55EB-837C-4C69-B5D4-AC624DBA3080}.Debug|Any CPU.ActiveCfg = Debug|Any CPU
		{CD1A55EB-837C-4C69-B5D4-AC624DBA3080}.Debug|Any CPU.Build.0 = Debug|Any CPU
		{CD1A55EB-837C-4C69-B5D4-AC624DBA3080}.Debug|ARM.ActiveCfg = Debug|Any CPU
		{CD1A55EB-837C-4C69-B5D4-AC624DBA3080}.Debug|x64.ActiveCfg = Debug|Any CPU
		{CD1A55EB-837C-4C69-B5D4-AC624DBA3080}.Debug|x64.Build.0 = Debug|Any CPU
		{CD1A55EB-837C-4C69-B5D4-AC624DBA3080}.Debug|x86.ActiveCfg = Debug|Any CPU
		{CD1A55EB-837C-4C69-B5D4-AC624DBA3080}.Release|Any CPU.ActiveCfg = Release|Any CPU
		{CD1A55EB-837C-4C69-B5D4-AC624DBA3080}.Release|Any CPU.Build.0 = Release|Any CPU
		{CD1A55EB-837C-4C69-B5D4-AC624DBA3080}.Release|ARM.ActiveCfg = Release|Any CPU
		{CD1A55EB-837C-4C69-B5D4-AC624DBA3080}.Release|x64.ActiveCfg = Release|Any CPU
		{CD1A55EB-837C-4C69-B5D4-AC624DBA3080}.Release|x64.Build.0 = Release|Any CPU
		{CD1A55EB-837C-4C69-B5D4-AC624DBA3080}.Release|x86.ActiveCfg = Release|Any CPU
		{5A153B52-A8E9-4496-9E0D-3131F8D22AA1}.Debug|Any CPU.ActiveCfg = Debug|Any CPU
		{5A153B52-A8E9-4496-9E0D-3131F8D22AA1}.Debug|Any CPU.Build.0 = Debug|Any CPU
		{5A153B52-A8E9-4496-9E0D-3131F8D22AA1}.Debug|ARM.ActiveCfg = Debug|Any CPU
		{5A153B52-A8E9-4496-9E0D-3131F8D22AA1}.Debug|x64.ActiveCfg = Debug|Any CPU
		{5A153B52-A8E9-4496-9E0D-3131F8D22AA1}.Debug|x64.Build.0 = Debug|Any CPU
		{5A153B52-A8E9-4496-9E0D-3131F8D22AA1}.Debug|x86.ActiveCfg = Debug|Any CPU
		{5A153B52-A8E9-4496-9E0D-3131F8D22AA1}.Release|Any CPU.ActiveCfg = Release|Any CPU
		{5A153B52-A8E9-4496-9E0D-3131F8D22AA1}.Release|Any CPU.Build.0 = Release|Any CPU
		{5A153B52-A8E9-4496-9E0D-3131F8D22AA1}.Release|ARM.ActiveCfg = Release|Any CPU
		{5A153B52-A8E9-4496-9E0D-3131F8D22AA1}.Release|x64.ActiveCfg = Release|Any CPU
		{5A153B52-A8E9-4496-9E0D-3131F8D22AA1}.Release|x64.Build.0 = Release|Any CPU
		{5A153B52-A8E9-4496-9E0D-3131F8D22AA1}.Release|x86.ActiveCfg = Release|Any CPU
		{4654BD98-BEF1-4036-9EA9-A9F2C467C9AA}.Debug|Any CPU.ActiveCfg = Debug|Any CPU
		{4654BD98-BEF1-4036-9EA9-A9F2C467C9AA}.Debug|Any CPU.Build.0 = Debug|Any CPU
		{4654BD98-BEF1-4036-9EA9-A9F2C467C9AA}.Debug|ARM.ActiveCfg = Debug|Any CPU
		{4654BD98-BEF1-4036-9EA9-A9F2C467C9AA}.Debug|x64.ActiveCfg = Debug|Any CPU
		{4654BD98-BEF1-4036-9EA9-A9F2C467C9AA}.Debug|x86.ActiveCfg = Debug|Any CPU
		{4654BD98-BEF1-4036-9EA9-A9F2C467C9AA}.Release|Any CPU.ActiveCfg = Release|Any CPU
		{4654BD98-BEF1-4036-9EA9-A9F2C467C9AA}.Release|Any CPU.Build.0 = Release|Any CPU
		{4654BD98-BEF1-4036-9EA9-A9F2C467C9AA}.Release|ARM.ActiveCfg = Release|Any CPU
		{4654BD98-BEF1-4036-9EA9-A9F2C467C9AA}.Release|x64.ActiveCfg = Release|Any CPU
		{4654BD98-BEF1-4036-9EA9-A9F2C467C9AA}.Release|x86.ActiveCfg = Release|Any CPU
		{B121C40E-9BAB-44E0-B90A-6B649D7FE164}.Debug|Any CPU.ActiveCfg = Debug|Any CPU
		{B121C40E-9BAB-44E0-B90A-6B649D7FE164}.Debug|Any CPU.Build.0 = Debug|Any CPU
		{B121C40E-9BAB-44E0-B90A-6B649D7FE164}.Debug|ARM.ActiveCfg = Debug|Any CPU
		{B121C40E-9BAB-44E0-B90A-6B649D7FE164}.Debug|x64.ActiveCfg = Debug|Any CPU
		{B121C40E-9BAB-44E0-B90A-6B649D7FE164}.Debug|x64.Build.0 = Debug|Any CPU
		{B121C40E-9BAB-44E0-B90A-6B649D7FE164}.Debug|x86.ActiveCfg = Debug|Any CPU
		{B121C40E-9BAB-44E0-B90A-6B649D7FE164}.Release|Any CPU.ActiveCfg = Release|Any CPU
		{B121C40E-9BAB-44E0-B90A-6B649D7FE164}.Release|Any CPU.Build.0 = Release|Any CPU
		{B121C40E-9BAB-44E0-B90A-6B649D7FE164}.Release|ARM.ActiveCfg = Release|Any CPU
		{B121C40E-9BAB-44E0-B90A-6B649D7FE164}.Release|x64.ActiveCfg = Release|Any CPU
		{B121C40E-9BAB-44E0-B90A-6B649D7FE164}.Release|x64.Build.0 = Release|Any CPU
		{B121C40E-9BAB-44E0-B90A-6B649D7FE164}.Release|x86.ActiveCfg = Release|Any CPU
		{81AB6E3D-7CE0-456D-A658-C941A0930A45}.Debug|Any CPU.ActiveCfg = Debug|Any CPU
		{81AB6E3D-7CE0-456D-A658-C941A0930A45}.Debug|Any CPU.Build.0 = Debug|Any CPU
		{81AB6E3D-7CE0-456D-A658-C941A0930A45}.Debug|ARM.ActiveCfg = Debug|Any CPU
		{81AB6E3D-7CE0-456D-A658-C941A0930A45}.Debug|x64.ActiveCfg = Debug|Any CPU
		{81AB6E3D-7CE0-456D-A658-C941A0930A45}.Debug|x64.Build.0 = Debug|Any CPU
		{81AB6E3D-7CE0-456D-A658-C941A0930A45}.Debug|x86.ActiveCfg = Debug|Any CPU
		{81AB6E3D-7CE0-456D-A658-C941A0930A45}.Release|Any CPU.ActiveCfg = Release|Any CPU
		{81AB6E3D-7CE0-456D-A658-C941A0930A45}.Release|Any CPU.Build.0 = Release|Any CPU
		{81AB6E3D-7CE0-456D-A658-C941A0930A45}.Release|ARM.ActiveCfg = Release|Any CPU
		{81AB6E3D-7CE0-456D-A658-C941A0930A45}.Release|x64.ActiveCfg = Release|Any CPU
		{81AB6E3D-7CE0-456D-A658-C941A0930A45}.Release|x64.Build.0 = Release|Any CPU
		{81AB6E3D-7CE0-456D-A658-C941A0930A45}.Release|x86.ActiveCfg = Release|Any CPU
		{43B290A5-06DE-44F9-9FAE-DCEF0C9AB61E}.Debug|Any CPU.ActiveCfg = Debug|Any CPU
		{43B290A5-06DE-44F9-9FAE-DCEF0C9AB61E}.Debug|Any CPU.Build.0 = Debug|Any CPU
		{43B290A5-06DE-44F9-9FAE-DCEF0C9AB61E}.Debug|ARM.ActiveCfg = Debug|Any CPU
		{43B290A5-06DE-44F9-9FAE-DCEF0C9AB61E}.Debug|x64.ActiveCfg = Debug|Any CPU
		{43B290A5-06DE-44F9-9FAE-DCEF0C9AB61E}.Debug|x64.Build.0 = Debug|Any CPU
		{43B290A5-06DE-44F9-9FAE-DCEF0C9AB61E}.Debug|x86.ActiveCfg = Debug|Any CPU
		{43B290A5-06DE-44F9-9FAE-DCEF0C9AB61E}.Release|Any CPU.ActiveCfg = Release|Any CPU
		{43B290A5-06DE-44F9-9FAE-DCEF0C9AB61E}.Release|Any CPU.Build.0 = Release|Any CPU
		{43B290A5-06DE-44F9-9FAE-DCEF0C9AB61E}.Release|ARM.ActiveCfg = Release|Any CPU
		{43B290A5-06DE-44F9-9FAE-DCEF0C9AB61E}.Release|x64.ActiveCfg = Release|Any CPU
		{43B290A5-06DE-44F9-9FAE-DCEF0C9AB61E}.Release|x64.Build.0 = Release|Any CPU
		{43B290A5-06DE-44F9-9FAE-DCEF0C9AB61E}.Release|x86.ActiveCfg = Release|Any CPU
		{1ECFC924-64A8-4D16-B605-2A53A6B66098}.Debug|Any CPU.ActiveCfg = Debug|Any CPU
		{1ECFC924-64A8-4D16-B605-2A53A6B66098}.Debug|Any CPU.Build.0 = Debug|Any CPU
		{1ECFC924-64A8-4D16-B605-2A53A6B66098}.Debug|ARM.ActiveCfg = Debug|Any CPU
		{1ECFC924-64A8-4D16-B605-2A53A6B66098}.Debug|x64.ActiveCfg = Debug|Any CPU
		{1ECFC924-64A8-4D16-B605-2A53A6B66098}.Debug|x64.Build.0 = Debug|Any CPU
		{1ECFC924-64A8-4D16-B605-2A53A6B66098}.Debug|x86.ActiveCfg = Debug|Any CPU
		{1ECFC924-64A8-4D16-B605-2A53A6B66098}.Release|Any CPU.ActiveCfg = Release|Any CPU
		{1ECFC924-64A8-4D16-B605-2A53A6B66098}.Release|Any CPU.Build.0 = Release|Any CPU
		{1ECFC924-64A8-4D16-B605-2A53A6B66098}.Release|ARM.ActiveCfg = Release|Any CPU
		{1ECFC924-64A8-4D16-B605-2A53A6B66098}.Release|x64.ActiveCfg = Release|Any CPU
		{1ECFC924-64A8-4D16-B605-2A53A6B66098}.Release|x64.Build.0 = Release|Any CPU
		{1ECFC924-64A8-4D16-B605-2A53A6B66098}.Release|x86.ActiveCfg = Release|Any CPU
		{0451BAEF-DF2E-4B98-8644-94EE9415E389}.Debug|Any CPU.ActiveCfg = Debug|Any CPU
		{0451BAEF-DF2E-4B98-8644-94EE9415E389}.Debug|Any CPU.Build.0 = Debug|Any CPU
		{0451BAEF-DF2E-4B98-8644-94EE9415E389}.Debug|ARM.ActiveCfg = Debug|Any CPU
		{0451BAEF-DF2E-4B98-8644-94EE9415E389}.Debug|ARM.Build.0 = Debug|Any CPU
		{0451BAEF-DF2E-4B98-8644-94EE9415E389}.Debug|x64.ActiveCfg = Debug|Any CPU
		{0451BAEF-DF2E-4B98-8644-94EE9415E389}.Debug|x64.Build.0 = Debug|Any CPU
		{0451BAEF-DF2E-4B98-8644-94EE9415E389}.Debug|x86.ActiveCfg = Debug|Any CPU
		{0451BAEF-DF2E-4B98-8644-94EE9415E389}.Debug|x86.Build.0 = Debug|Any CPU
		{0451BAEF-DF2E-4B98-8644-94EE9415E389}.Release|Any CPU.ActiveCfg = Release|Any CPU
		{0451BAEF-DF2E-4B98-8644-94EE9415E389}.Release|Any CPU.Build.0 = Release|Any CPU
		{0451BAEF-DF2E-4B98-8644-94EE9415E389}.Release|ARM.ActiveCfg = Release|Any CPU
		{0451BAEF-DF2E-4B98-8644-94EE9415E389}.Release|ARM.Build.0 = Release|Any CPU
		{0451BAEF-DF2E-4B98-8644-94EE9415E389}.Release|x64.ActiveCfg = Release|Any CPU
		{0451BAEF-DF2E-4B98-8644-94EE9415E389}.Release|x64.Build.0 = Release|Any CPU
		{0451BAEF-DF2E-4B98-8644-94EE9415E389}.Release|x86.ActiveCfg = Release|Any CPU
		{0451BAEF-DF2E-4B98-8644-94EE9415E389}.Release|x86.Build.0 = Release|Any CPU
		{A20FBD46-BBB6-4782-9FA7-7B4121EE5FCA}.Debug|Any CPU.ActiveCfg = Debug|Any CPU
		{A20FBD46-BBB6-4782-9FA7-7B4121EE5FCA}.Debug|Any CPU.Build.0 = Debug|Any CPU
		{A20FBD46-BBB6-4782-9FA7-7B4121EE5FCA}.Debug|ARM.ActiveCfg = Debug|Any CPU
		{A20FBD46-BBB6-4782-9FA7-7B4121EE5FCA}.Debug|ARM.Build.0 = Debug|Any CPU
		{A20FBD46-BBB6-4782-9FA7-7B4121EE5FCA}.Debug|x64.ActiveCfg = Debug|Any CPU
		{A20FBD46-BBB6-4782-9FA7-7B4121EE5FCA}.Debug|x64.Build.0 = Debug|Any CPU
		{A20FBD46-BBB6-4782-9FA7-7B4121EE5FCA}.Debug|x86.ActiveCfg = Debug|Any CPU
		{A20FBD46-BBB6-4782-9FA7-7B4121EE5FCA}.Debug|x86.Build.0 = Debug|Any CPU
		{A20FBD46-BBB6-4782-9FA7-7B4121EE5FCA}.Release|Any CPU.ActiveCfg = Release|Any CPU
		{A20FBD46-BBB6-4782-9FA7-7B4121EE5FCA}.Release|Any CPU.Build.0 = Release|Any CPU
		{A20FBD46-BBB6-4782-9FA7-7B4121EE5FCA}.Release|ARM.ActiveCfg = Release|Any CPU
		{A20FBD46-BBB6-4782-9FA7-7B4121EE5FCA}.Release|ARM.Build.0 = Release|Any CPU
		{A20FBD46-BBB6-4782-9FA7-7B4121EE5FCA}.Release|x64.ActiveCfg = Release|Any CPU
		{A20FBD46-BBB6-4782-9FA7-7B4121EE5FCA}.Release|x64.Build.0 = Release|Any CPU
		{A20FBD46-BBB6-4782-9FA7-7B4121EE5FCA}.Release|x86.ActiveCfg = Release|Any CPU
		{A20FBD46-BBB6-4782-9FA7-7B4121EE5FCA}.Release|x86.Build.0 = Release|Any CPU
	EndGlobalSection
	GlobalSection(SolutionProperties) = preSolution
		HideSolutionNode = FALSE
	EndGlobalSection
EndGlobal
