
Microsoft Visual Studio Solution File, Format Version 12.00
# Visual Studio 15
VisualStudioVersion = 15.0.26430.16
MinimumVisualStudioVersion = 10.0.40219.1
Project("{FAE04EC0-301F-11D3-BF4B-00C04F79EFBC}") = "Blue.MVVM.Acceptance.Tests", "Blue.MVVM.Acceptance.Tests\Blue.MVVM.Acceptance.Tests.csproj", "{4654BD98-BEF1-4036-9EA9-A9F2C467C9AA}"
EndProject
Project("{FAE04EC0-301F-11D3-BF4B-00C04F79EFBC}") = "Blue.MVVM.Tests", "Blue.MVVM.Tests\Blue.MVVM.Tests.csproj", "{B51ABED2-FFEC-4266-A27F-3568FEB9851C}"
EndProject
Project("{FAE04EC0-301F-11D3-BF4B-00C04F79EFBC}") = "Blue.MVVM", "Blue.MVVM\Blue.MVVM.csproj", "{DD860C9B-E14C-4FA2-A61E-0C9743575A87}"
EndProject
Global
	GlobalSection(SolutionConfigurationPlatforms) = preSolution
		Debug|Any CPU = Debug|Any CPU
		Debug|ARM = Debug|ARM
		Debug|x64 = Debug|x64
		Debug|x86 = Debug|x86
		Release|Any CPU = Release|Any CPU
		Release|ARM = Release|ARM
		Release|x64 = Release|x64
		Release|x86 = Release|x86
	EndGlobalSection
	GlobalSection(ProjectConfigurationPlatforms) = postSolution
		{4654BD98-BEF1-4036-9EA9-A9F2C467C9AA}.Debug|Any CPU.ActiveCfg = Debug|Any CPU
		{4654BD98-BEF1-4036-9EA9-A9F2C467C9AA}.Debug|Any CPU.Build.0 = Debug|Any CPU
		{4654BD98-BEF1-4036-9EA9-A9F2C467C9AA}.Debug|ARM.ActiveCfg = Debug|Any CPU
		{4654BD98-BEF1-4036-9EA9-A9F2C467C9AA}.Debug|x64.ActiveCfg = Debug|Any CPU
		{4654BD98-BEF1-4036-9EA9-A9F2C467C9AA}.Debug|x86.ActiveCfg = Debug|Any CPU
		{4654BD98-BEF1-4036-9EA9-A9F2C467C9AA}.Release|Any CPU.ActiveCfg = Release|Any CPU
		{4654BD98-BEF1-4036-9EA9-A9F2C467C9AA}.Release|Any CPU.Build.0 = Release|Any CPU
		{4654BD98-BEF1-4036-9EA9-A9F2C467C9AA}.Release|ARM.ActiveCfg = Release|Any CPU
		{4654BD98-BEF1-4036-9EA9-A9F2C467C9AA}.Release|x64.ActiveCfg = Release|Any CPU
		{4654BD98-BEF1-4036-9EA9-A9F2C467C9AA}.Release|x86.ActiveCfg = Release|Any CPU
		{B51ABED2-FFEC-4266-A27F-3568FEB9851C}.Debug|Any CPU.ActiveCfg = Debug|Any CPU
		{B51ABED2-FFEC-4266-A27F-3568FEB9851C}.Debug|Any CPU.Build.0 = Debug|Any CPU
		{B51ABED2-FFEC-4266-A27F-3568FEB9851C}.Debug|ARM.ActiveCfg = Debug|Any CPU
		{B51ABED2-FFEC-4266-A27F-3568FEB9851C}.Debug|ARM.Build.0 = Debug|Any CPU
		{B51ABED2-FFEC-4266-A27F-3568FEB9851C}.Debug|x64.ActiveCfg = Debug|Any CPU
		{B51ABED2-FFEC-4266-A27F-3568FEB9851C}.Debug|x64.Build.0 = Debug|Any CPU
		{B51ABED2-FFEC-4266-A27F-3568FEB9851C}.Debug|x86.ActiveCfg = Debug|Any CPU
		{B51ABED2-FFEC-4266-A27F-3568FEB9851C}.Debug|x86.Build.0 = Debug|Any CPU
		{B51ABED2-FFEC-4266-A27F-3568FEB9851C}.Release|Any CPU.ActiveCfg = Release|Any CPU
		{B51ABED2-FFEC-4266-A27F-3568FEB9851C}.Release|Any CPU.Build.0 = Release|Any CPU
		{B51ABED2-FFEC-4266-A27F-3568FEB9851C}.Release|ARM.ActiveCfg = Release|Any CPU
		{B51ABED2-FFEC-4266-A27F-3568FEB9851C}.Release|ARM.Build.0 = Release|Any CPU
		{B51ABED2-FFEC-4266-A27F-3568FEB9851C}.Release|x64.ActiveCfg = Release|Any CPU
		{B51ABED2-FFEC-4266-A27F-3568FEB9851C}.Release|x64.Build.0 = Release|Any CPU
		{B51ABED2-FFEC-4266-A27F-3568FEB9851C}.Release|x86.ActiveCfg = Release|Any CPU
		{B51ABED2-FFEC-4266-A27F-3568FEB9851C}.Release|x86.Build.0 = Release|Any CPU
		{DD860C9B-E14C-4FA2-A61E-0C9743575A87}.Debug|Any CPU.ActiveCfg = Debug|Any CPU
		{DD860C9B-E14C-4FA2-A61E-0C9743575A87}.Debug|Any CPU.Build.0 = Debug|Any CPU
		{DD860C9B-E14C-4FA2-A61E-0C9743575A87}.Debug|ARM.ActiveCfg = Debug|Any CPU
		{DD860C9B-E14C-4FA2-A61E-0C9743575A87}.Debug|ARM.Build.0 = Debug|Any CPU
		{DD860C9B-E14C-4FA2-A61E-0C9743575A87}.Debug|x64.ActiveCfg = Debug|Any CPU
		{DD860C9B-E14C-4FA2-A61E-0C9743575A87}.Debug|x64.Build.0 = Debug|Any CPU
		{DD860C9B-E14C-4FA2-A61E-0C9743575A87}.Debug|x86.ActiveCfg = Debug|Any CPU
		{DD860C9B-E14C-4FA2-A61E-0C9743575A87}.Debug|x86.Build.0 = Debug|Any CPU
		{DD860C9B-E14C-4FA2-A61E-0C9743575A87}.Release|Any CPU.ActiveCfg = Release|Any CPU
		{DD860C9B-E14C-4FA2-A61E-0C9743575A87}.Release|Any CPU.Build.0 = Release|Any CPU
		{DD860C9B-E14C-4FA2-A61E-0C9743575A87}.Release|ARM.ActiveCfg = Release|Any CPU
		{DD860C9B-E14C-4FA2-A61E-0C9743575A87}.Release|ARM.Build.0 = Release|Any CPU
		{DD860C9B-E14C-4FA2-A61E-0C9743575A87}.Release|x64.ActiveCfg = Release|Any CPU
		{DD860C9B-E14C-4FA2-A61E-0C9743575A87}.Release|x64.Build.0 = Release|Any CPU
		{DD860C9B-E14C-4FA2-A61E-0C9743575A87}.Release|x86.ActiveCfg = Release|Any CPU
		{DD860C9B-E14C-4FA2-A61E-0C9743575A87}.Release|x86.Build.0 = Release|Any CPU
	EndGlobalSection
	GlobalSection(SolutionProperties) = preSolution
		HideSolutionNode = FALSE
	EndGlobalSection
EndGlobal
