
Microsoft Visual Studio Solution File, Format Version 12.00
# Visual Studio 15
VisualStudioVersion = 15.0.26430.16
MinimumVisualStudioVersion = 10.0.40219.1
Project("{FAE04EC0-301F-11D3-BF4B-00C04F79EFBC}") = "Blue.MVVM.Acceptance.Tests", "Blue.MVVM.Acceptance.Tests\Blue.MVVM.Acceptance.Tests.csproj", "{4654BD98-BEF1-4036-9EA9-A9F2C467C9AA}"
EndProject
Project("{FAE04EC0-301F-11D3-BF4B-00C04F79EFBC}") = "Blue.MVVM.Tests", "Blue.MVVM.Tests\Blue.MVVM.Tests.csproj", "{B51ABED2-FFEC-4266-A27F-3568FEB9851C}"
EndProject
Project("{9A19103F-16F7-4668-BE54-9A1E7A4F7556}") = "Blue.MVVM", "Blue.MVVM\Blue.MVVM.csproj", "{DD860C9B-E14C-4FA2-A61E-0C9743575A87}"
EndProject
Project("{9A19103F-16F7-4668-BE54-9A1E7A4F7556}") = "Blue.MVVM.Commands", "Blue.MVVM.Commands\Blue.MVVM.Commands.csproj", "{89BE7D6D-BABC-48C7-9CA8-2249DAA8EE69}"
EndProject
Project("{9A19103F-16F7-4668-BE54-9A1E7A4F7556}") = "Blue.MVVM.AsyncCommands", "Blue.MVVM.AsyncCommands\Blue.MVVM.AsyncCommands.csproj", "{9133BD51-F28C-47C8-BDB4-11EFDA987014}"
EndProject
Project("{9A19103F-16F7-4668-BE54-9A1E7A4F7556}") = "Blue.MVVM.IoC", "Blue.MVVM.IoC\Blue.MVVM.IoC.csproj", "{83B88054-18AC-4C06-B733-3A98745421A1}"
EndProject
Project("{9A19103F-16F7-4668-BE54-9A1E7A4F7556}") = "Blue.MVVM.Navigation", "Blue.MVVM.Navigation\Blue.MVVM.Navigation.csproj", "{9B5C4007-0669-49C9-B0E5-895F841850BE}"
EndProject
Project("{2150E333-8FDC-42A3-9474-1A3956D46DE8}") = "Tests", "Tests", "{EF9948D2-D949-41F2-8150-4D0B746687C1}"
EndProject
Project("{FAE04EC0-301F-11D3-BF4B-00C04F79EFBC}") = "Blue.MVVM.Navigation.Tests", "Blue.MVVM.Navigation.Tests\Blue.MVVM.Navigation.Tests.csproj", "{448042A3-5119-4D07-8BC4-34EAD3C0E348}"
EndProject
Global
	GlobalSection(SolutionConfigurationPlatforms) = preSolution
		Debug|Any CPU = Debug|Any CPU
		Debug|ARM = Debug|ARM
		Debug|x64 = Debug|x64
		Debug|x86 = Debug|x86
		Release|Any CPU = Release|Any CPU
		Release|ARM = Release|ARM
		Release|x64 = Release|x64
		Release|x86 = Release|x86
	EndGlobalSection
	GlobalSection(ProjectConfigurationPlatforms) = postSolution
		{4654BD98-BEF1-4036-9EA9-A9F2C467C9AA}.Debug|Any CPU.ActiveCfg = Debug|Any CPU
		{4654BD98-BEF1-4036-9EA9-A9F2C467C9AA}.Debug|Any CPU.Build.0 = Debug|Any CPU
		{4654BD98-BEF1-4036-9EA9-A9F2C467C9AA}.Debug|ARM.ActiveCfg = Debug|Any CPU
		{4654BD98-BEF1-4036-9EA9-A9F2C467C9AA}.Debug|x64.ActiveCfg = Debug|Any CPU
		{4654BD98-BEF1-4036-9EA9-A9F2C467C9AA}.Debug|x86.ActiveCfg = Debug|Any CPU
		{4654BD98-BEF1-4036-9EA9-A9F2C467C9AA}.Release|Any CPU.ActiveCfg = Release|Any CPU
		{4654BD98-BEF1-4036-9EA9-A9F2C467C9AA}.Release|Any CPU.Build.0 = Release|Any CPU
		{4654BD98-BEF1-4036-9EA9-A9F2C467C9AA}.Release|ARM.ActiveCfg = Release|Any CPU
		{4654BD98-BEF1-4036-9EA9-A9F2C467C9AA}.Release|x64.ActiveCfg = Release|Any CPU
		{4654BD98-BEF1-4036-9EA9-A9F2C467C9AA}.Release|x86.ActiveCfg = Release|Any CPU
		{B51ABED2-FFEC-4266-A27F-3568FEB9851C}.Debug|Any CPU.ActiveCfg = Debug|Any CPU
		{B51ABED2-FFEC-4266-A27F-3568FEB9851C}.Debug|Any CPU.Build.0 = Debug|Any CPU
		{B51ABED2-FFEC-4266-A27F-3568FEB9851C}.Debug|ARM.ActiveCfg = Debug|Any CPU
		{B51ABED2-FFEC-4266-A27F-3568FEB9851C}.Debug|ARM.Build.0 = Debug|Any CPU
		{B51ABED2-FFEC-4266-A27F-3568FEB9851C}.Debug|x64.ActiveCfg = Debug|Any CPU
		{B51ABED2-FFEC-4266-A27F-3568FEB9851C}.Debug|x64.Build.0 = Debug|Any CPU
		{B51ABED2-FFEC-4266-A27F-3568FEB9851C}.Debug|x86.ActiveCfg = Debug|Any CPU
		{B51ABED2-FFEC-4266-A27F-3568FEB9851C}.Debug|x86.Build.0 = Debug|Any CPU
		{B51ABED2-FFEC-4266-A27F-3568FEB9851C}.Release|Any CPU.ActiveCfg = Release|Any CPU
		{B51ABED2-FFEC-4266-A27F-3568FEB9851C}.Release|Any CPU.Build.0 = Release|Any CPU
		{B51ABED2-FFEC-4266-A27F-3568FEB9851C}.Release|ARM.ActiveCfg = Release|Any CPU
		{B51ABED2-FFEC-4266-A27F-3568FEB9851C}.Release|ARM.Build.0 = Release|Any CPU
		{B51ABED2-FFEC-4266-A27F-3568FEB9851C}.Release|x64.ActiveCfg = Release|Any CPU
		{B51ABED2-FFEC-4266-A27F-3568FEB9851C}.Release|x64.Build.0 = Release|Any CPU
		{B51ABED2-FFEC-4266-A27F-3568FEB9851C}.Release|x86.ActiveCfg = Release|Any CPU
		{B51ABED2-FFEC-4266-A27F-3568FEB9851C}.Release|x86.Build.0 = Release|Any CPU
		{DD860C9B-E14C-4FA2-A61E-0C9743575A87}.Debug|Any CPU.ActiveCfg = Debug|Any CPU
		{DD860C9B-E14C-4FA2-A61E-0C9743575A87}.Debug|Any CPU.Build.0 = Debug|Any CPU
		{DD860C9B-E14C-4FA2-A61E-0C9743575A87}.Debug|ARM.ActiveCfg = Debug|Any CPU
		{DD860C9B-E14C-4FA2-A61E-0C9743575A87}.Debug|ARM.Build.0 = Debug|Any CPU
		{DD860C9B-E14C-4FA2-A61E-0C9743575A87}.Debug|x64.ActiveCfg = Debug|Any CPU
		{DD860C9B-E14C-4FA2-A61E-0C9743575A87}.Debug|x64.Build.0 = Debug|Any CPU
		{DD860C9B-E14C-4FA2-A61E-0C9743575A87}.Debug|x86.ActiveCfg = Debug|Any CPU
		{DD860C9B-E14C-4FA2-A61E-0C9743575A87}.Debug|x86.Build.0 = Debug|Any CPU
		{DD860C9B-E14C-4FA2-A61E-0C9743575A87}.Release|Any CPU.ActiveCfg = Release|Any CPU
		{DD860C9B-E14C-4FA2-A61E-0C9743575A87}.Release|Any CPU.Build.0 = Release|Any CPU
		{DD860C9B-E14C-4FA2-A61E-0C9743575A87}.Release|ARM.ActiveCfg = Release|Any CPU
		{DD860C9B-E14C-4FA2-A61E-0C9743575A87}.Release|ARM.Build.0 = Release|Any CPU
		{DD860C9B-E14C-4FA2-A61E-0C9743575A87}.Release|x64.ActiveCfg = Release|Any CPU
		{DD860C9B-E14C-4FA2-A61E-0C9743575A87}.Release|x64.Build.0 = Release|Any CPU
		{DD860C9B-E14C-4FA2-A61E-0C9743575A87}.Release|x86.ActiveCfg = Release|Any CPU
		{DD860C9B-E14C-4FA2-A61E-0C9743575A87}.Release|x86.Build.0 = Release|Any CPU
		{89BE7D6D-BABC-48C7-9CA8-2249DAA8EE69}.Debug|Any CPU.ActiveCfg = Debug|Any CPU
		{89BE7D6D-BABC-48C7-9CA8-2249DAA8EE69}.Debug|Any CPU.Build.0 = Debug|Any CPU
		{89BE7D6D-BABC-48C7-9CA8-2249DAA8EE69}.Debug|ARM.ActiveCfg = Debug|Any CPU
		{89BE7D6D-BABC-48C7-9CA8-2249DAA8EE69}.Debug|ARM.Build.0 = Debug|Any CPU
		{89BE7D6D-BABC-48C7-9CA8-2249DAA8EE69}.Debug|x64.ActiveCfg = Debug|Any CPU
		{89BE7D6D-BABC-48C7-9CA8-2249DAA8EE69}.Debug|x64.Build.0 = Debug|Any CPU
		{89BE7D6D-BABC-48C7-9CA8-2249DAA8EE69}.Debug|x86.ActiveCfg = Debug|Any CPU
		{89BE7D6D-BABC-48C7-9CA8-2249DAA8EE69}.Debug|x86.Build.0 = Debug|Any CPU
		{89BE7D6D-BABC-48C7-9CA8-2249DAA8EE69}.Release|Any CPU.ActiveCfg = Release|Any CPU
		{89BE7D6D-BABC-48C7-9CA8-2249DAA8EE69}.Release|Any CPU.Build.0 = Release|Any CPU
		{89BE7D6D-BABC-48C7-9CA8-2249DAA8EE69}.Release|ARM.ActiveCfg = Release|Any CPU
		{89BE7D6D-BABC-48C7-9CA8-2249DAA8EE69}.Release|ARM.Build.0 = Release|Any CPU
		{89BE7D6D-BABC-48C7-9CA8-2249DAA8EE69}.Release|x64.ActiveCfg = Release|Any CPU
		{89BE7D6D-BABC-48C7-9CA8-2249DAA8EE69}.Release|x64.Build.0 = Release|Any CPU
		{89BE7D6D-BABC-48C7-9CA8-2249DAA8EE69}.Release|x86.ActiveCfg = Release|Any CPU
		{89BE7D6D-BABC-48C7-9CA8-2249DAA8EE69}.Release|x86.Build.0 = Release|Any CPU
		{9133BD51-F28C-47C8-BDB4-11EFDA987014}.Debug|Any CPU.ActiveCfg = Debug|Any CPU
		{9133BD51-F28C-47C8-BDB4-11EFDA987014}.Debug|Any CPU.Build.0 = Debug|Any CPU
		{9133BD51-F28C-47C8-BDB4-11EFDA987014}.Debug|ARM.ActiveCfg = Debug|Any CPU
		{9133BD51-F28C-47C8-BDB4-11EFDA987014}.Debug|ARM.Build.0 = Debug|Any CPU
		{9133BD51-F28C-47C8-BDB4-11EFDA987014}.Debug|x64.ActiveCfg = Debug|Any CPU
		{9133BD51-F28C-47C8-BDB4-11EFDA987014}.Debug|x64.Build.0 = Debug|Any CPU
		{9133BD51-F28C-47C8-BDB4-11EFDA987014}.Debug|x86.ActiveCfg = Debug|Any CPU
		{9133BD51-F28C-47C8-BDB4-11EFDA987014}.Debug|x86.Build.0 = Debug|Any CPU
		{9133BD51-F28C-47C8-BDB4-11EFDA987014}.Release|Any CPU.ActiveCfg = Release|Any CPU
		{9133BD51-F28C-47C8-BDB4-11EFDA987014}.Release|Any CPU.Build.0 = Release|Any CPU
		{9133BD51-F28C-47C8-BDB4-11EFDA987014}.Release|ARM.ActiveCfg = Release|Any CPU
		{9133BD51-F28C-47C8-BDB4-11EFDA987014}.Release|ARM.Build.0 = Release|Any CPU
		{9133BD51-F28C-47C8-BDB4-11EFDA987014}.Release|x64.ActiveCfg = Release|Any CPU
		{9133BD51-F28C-47C8-BDB4-11EFDA987014}.Release|x64.Build.0 = Release|Any CPU
		{9133BD51-F28C-47C8-BDB4-11EFDA987014}.Release|x86.ActiveCfg = Release|Any CPU
		{9133BD51-F28C-47C8-BDB4-11EFDA987014}.Release|x86.Build.0 = Release|Any CPU
		{83B88054-18AC-4C06-B733-3A98745421A1}.Debug|Any CPU.ActiveCfg = Debug|Any CPU
		{83B88054-18AC-4C06-B733-3A98745421A1}.Debug|Any CPU.Build.0 = Debug|Any CPU
		{83B88054-18AC-4C06-B733-3A98745421A1}.Debug|ARM.ActiveCfg = Debug|Any CPU
		{83B88054-18AC-4C06-B733-3A98745421A1}.Debug|ARM.Build.0 = Debug|Any CPU
		{83B88054-18AC-4C06-B733-3A98745421A1}.Debug|x64.ActiveCfg = Debug|Any CPU
		{83B88054-18AC-4C06-B733-3A98745421A1}.Debug|x64.Build.0 = Debug|Any CPU
		{83B88054-18AC-4C06-B733-3A98745421A1}.Debug|x86.ActiveCfg = Debug|Any CPU
		{83B88054-18AC-4C06-B733-3A98745421A1}.Debug|x86.Build.0 = Debug|Any CPU
		{83B88054-18AC-4C06-B733-3A98745421A1}.Release|Any CPU.ActiveCfg = Release|Any CPU
		{83B88054-18AC-4C06-B733-3A98745421A1}.Release|Any CPU.Build.0 = Release|Any CPU
		{83B88054-18AC-4C06-B733-3A98745421A1}.Release|ARM.ActiveCfg = Release|Any CPU
		{83B88054-18AC-4C06-B733-3A98745421A1}.Release|ARM.Build.0 = Release|Any CPU
		{83B88054-18AC-4C06-B733-3A98745421A1}.Release|x64.ActiveCfg = Release|Any CPU
		{83B88054-18AC-4C06-B733-3A98745421A1}.Release|x64.Build.0 = Release|Any CPU
		{83B88054-18AC-4C06-B733-3A98745421A1}.Release|x86.ActiveCfg = Release|Any CPU
		{83B88054-18AC-4C06-B733-3A98745421A1}.Release|x86.Build.0 = Release|Any CPU
		{9B5C4007-0669-49C9-B0E5-895F841850BE}.Debug|Any CPU.ActiveCfg = Debug|Any CPU
		{9B5C4007-0669-49C9-B0E5-895F841850BE}.Debug|Any CPU.Build.0 = Debug|Any CPU
		{9B5C4007-0669-49C9-B0E5-895F841850BE}.Debug|ARM.ActiveCfg = Debug|Any CPU
		{9B5C4007-0669-49C9-B0E5-895F841850BE}.Debug|ARM.Build.0 = Debug|Any CPU
		{9B5C4007-0669-49C9-B0E5-895F841850BE}.Debug|x64.ActiveCfg = Debug|Any CPU
		{9B5C4007-0669-49C9-B0E5-895F841850BE}.Debug|x64.Build.0 = Debug|Any CPU
		{9B5C4007-0669-49C9-B0E5-895F841850BE}.Debug|x86.ActiveCfg = Debug|Any CPU
		{9B5C4007-0669-49C9-B0E5-895F841850BE}.Debug|x86.Build.0 = Debug|Any CPU
		{9B5C4007-0669-49C9-B0E5-895F841850BE}.Release|Any CPU.ActiveCfg = Release|Any CPU
		{9B5C4007-0669-49C9-B0E5-895F841850BE}.Release|Any CPU.Build.0 = Release|Any CPU
		{9B5C4007-0669-49C9-B0E5-895F841850BE}.Release|ARM.ActiveCfg = Release|Any CPU
		{9B5C4007-0669-49C9-B0E5-895F841850BE}.Release|ARM.Build.0 = Release|Any CPU
		{9B5C4007-0669-49C9-B0E5-895F841850BE}.Release|x64.ActiveCfg = Release|Any CPU
		{9B5C4007-0669-49C9-B0E5-895F841850BE}.Release|x64.Build.0 = Release|Any CPU
		{9B5C4007-0669-49C9-B0E5-895F841850BE}.Release|x86.ActiveCfg = Release|Any CPU
		{9B5C4007-0669-49C9-B0E5-895F841850BE}.Release|x86.Build.0 = Release|Any CPU
		{448042A3-5119-4D07-8BC4-34EAD3C0E348}.Debug|Any CPU.ActiveCfg = Debug|Any CPU
		{448042A3-5119-4D07-8BC4-34EAD3C0E348}.Debug|Any CPU.Build.0 = Debug|Any CPU
		{448042A3-5119-4D07-8BC4-34EAD3C0E348}.Debug|ARM.ActiveCfg = Debug|Any CPU
		{448042A3-5119-4D07-8BC4-34EAD3C0E348}.Debug|ARM.Build.0 = Debug|Any CPU
		{448042A3-5119-4D07-8BC4-34EAD3C0E348}.Debug|x64.ActiveCfg = Debug|Any CPU
		{448042A3-5119-4D07-8BC4-34EAD3C0E348}.Debug|x64.Build.0 = Debug|Any CPU
		{448042A3-5119-4D07-8BC4-34EAD3C0E348}.Debug|x86.ActiveCfg = Debug|Any CPU
		{448042A3-5119-4D07-8BC4-34EAD3C0E348}.Debug|x86.Build.0 = Debug|Any CPU
		{448042A3-5119-4D07-8BC4-34EAD3C0E348}.Release|Any CPU.ActiveCfg = Release|Any CPU
		{448042A3-5119-4D07-8BC4-34EAD3C0E348}.Release|Any CPU.Build.0 = Release|Any CPU
		{448042A3-5119-4D07-8BC4-34EAD3C0E348}.Release|ARM.ActiveCfg = Release|Any CPU
		{448042A3-5119-4D07-8BC4-34EAD3C0E348}.Release|ARM.Build.0 = Release|Any CPU
		{448042A3-5119-4D07-8BC4-34EAD3C0E348}.Release|x64.ActiveCfg = Release|Any CPU
		{448042A3-5119-4D07-8BC4-34EAD3C0E348}.Release|x64.Build.0 = Release|Any CPU
		{448042A3-5119-4D07-8BC4-34EAD3C0E348}.Release|x86.ActiveCfg = Release|Any CPU
		{448042A3-5119-4D07-8BC4-34EAD3C0E348}.Release|x86.Build.0 = Release|Any CPU
	EndGlobalSection
	GlobalSection(SolutionProperties) = preSolution
		HideSolutionNode = FALSE
	EndGlobalSection
	GlobalSection(NestedProjects) = preSolution
		{4654BD98-BEF1-4036-9EA9-A9F2C467C9AA} = {EF9948D2-D949-41F2-8150-4D0B746687C1}
		{B51ABED2-FFEC-4266-A27F-3568FEB9851C} = {EF9948D2-D949-41F2-8150-4D0B746687C1}
		{448042A3-5119-4D07-8BC4-34EAD3C0E348} = {EF9948D2-D949-41F2-8150-4D0B746687C1}
	EndGlobalSection
EndGlobal
